// !$*UTF8*$!
{
	archiveVersion = 1;
	classes = {
	};
	objectVersion = 56;
	objects = {

/* Begin PBXBuildFile section */
		9C21E7F12A17A4F7005A8E57 /* DataParser.swift in Sources */ = {isa = PBXBuildFile; fileRef = 9C21E7F02A17A4F7005A8E57 /* DataParser.swift */; };
		9C21E7F52A17A56F005A8E57 /* RequestType.swift in Sources */ = {isa = PBXBuildFile; fileRef = 9C21E7F42A17A56F005A8E57 /* RequestType.swift */; };
		9C21E7F72A17A588005A8E57 /* RequestProtocol.swift in Sources */ = {isa = PBXBuildFile; fileRef = 9C21E7F62A17A588005A8E57 /* RequestProtocol.swift */; };
		9C21E7F92A17A6CC005A8E57 /* NetworkError.swift in Sources */ = {isa = PBXBuildFile; fileRef = 9C21E7F82A17A6CC005A8E57 /* NetworkError.swift */; };
		9C21E7FF2A17A760005A8E57 /* CategoriesRequest.swift in Sources */ = {isa = PBXBuildFile; fileRef = 9C21E7FE2A17A760005A8E57 /* CategoriesRequest.swift */; };
		9C6FC5C82A175365000C2BBC /* ChefsplaceApp.swift in Sources */ = {isa = PBXBuildFile; fileRef = 9C6FC5C72A175365000C2BBC /* ChefsplaceApp.swift */; };
		9C6FC5CA2A175365000C2BBC /* ContentView.swift in Sources */ = {isa = PBXBuildFile; fileRef = 9C6FC5C92A175365000C2BBC /* ContentView.swift */; };
		9C6FC5CC2A175367000C2BBC /* Assets.xcassets in Resources */ = {isa = PBXBuildFile; fileRef = 9C6FC5CB2A175367000C2BBC /* Assets.xcassets */; };
		9C6FC5CF2A175367000C2BBC /* Preview Assets.xcassets in Resources */ = {isa = PBXBuildFile; fileRef = 9C6FC5CE2A175367000C2BBC /* Preview Assets.xcassets */; };
		9C6FC5E62A175E81000C2BBC /* Product.swift in Sources */ = {isa = PBXBuildFile; fileRef = 9C6FC5E52A175E81000C2BBC /* Product.swift */; };
		9C6FC5E82A175E95000C2BBC /* Constants.swift in Sources */ = {isa = PBXBuildFile; fileRef = 9C6FC5E72A175E95000C2BBC /* Constants.swift */; };
		9CAE0A382A17AE6200784F0D /* ApiManager.swift in Sources */ = {isa = PBXBuildFile; fileRef = 9CAE0A372A17AE6200784F0D /* ApiManager.swift */; };
		9CAE0A3A2A17AE9C00784F0D /* RequestManager.swift in Sources */ = {isa = PBXBuildFile; fileRef = 9CAE0A392A17AE9C00784F0D /* RequestManager.swift */; };
		9CAE0A3E2A17AF1F00784F0D /* AccessTokenManager.swift in Sources */ = {isa = PBXBuildFile; fileRef = 9CAE0A3D2A17AF1F00784F0D /* AccessTokenManager.swift */; };
		9CAE0A412A17AF8D00784F0D /* APIToken.swift in Sources */ = {isa = PBXBuildFile; fileRef = 9CAE0A402A17AF8D00784F0D /* APIToken.swift */; };
		9CAE0A432A17B03500784F0D /* AppUserDefaultsKeys.swift in Sources */ = {isa = PBXBuildFile; fileRef = 9CAE0A422A17B03500784F0D /* AppUserDefaultsKeys.swift */; };
		9CAE0A462A17B09500784F0D /* AuthTokenRequest.swift in Sources */ = {isa = PBXBuildFile; fileRef = 9CAE0A452A17B09500784F0D /* AuthTokenRequest.swift */; };
		9CAE0A482A17C5F300784F0D /* Category.swift in Sources */ = {isa = PBXBuildFile; fileRef = 9CAE0A472A17C5F300784F0D /* Category.swift */; };
		9CF572A02A19FA2C00E9D8C8 /* ProductsRequest.swift in Sources */ = {isa = PBXBuildFile; fileRef = 9CF5729F2A19FA2C00E9D8C8 /* ProductsRequest.swift */; };
		9CF572A22A19FC3C00E9D8C8 /* Pagination.swift in Sources */ = {isa = PBXBuildFile; fileRef = 9CF572A12A19FC3C00E9D8C8 /* Pagination.swift */; };
		9CF572EF2A1CE62300E9D8C8 /* User.swift in Sources */ = {isa = PBXBuildFile; fileRef = 9CF572EE2A1CE62300E9D8C8 /* User.swift */; };
		9CF572F12A1CEC7400E9D8C8 /* Address.swift in Sources */ = {isa = PBXBuildFile; fileRef = 9CF572F02A1CEC7400E9D8C8 /* Address.swift */; };
		9CF572F32A1CEE3C00E9D8C8 /* Order.swift in Sources */ = {isa = PBXBuildFile; fileRef = 9CF572F22A1CEE3C00E9D8C8 /* Order.swift */; };
/* End PBXBuildFile section */

/* Begin PBXFileReference section */
		9C21E7F02A17A4F7005A8E57 /* DataParser.swift */ = {isa = PBXFileReference; lastKnownFileType = sourcecode.swift; path = DataParser.swift; sourceTree = "<group>"; };
		9C21E7F42A17A56F005A8E57 /* RequestType.swift */ = {isa = PBXFileReference; lastKnownFileType = sourcecode.swift; path = RequestType.swift; sourceTree = "<group>"; };
		9C21E7F62A17A588005A8E57 /* RequestProtocol.swift */ = {isa = PBXFileReference; lastKnownFileType = sourcecode.swift; path = RequestProtocol.swift; sourceTree = "<group>"; };
		9C21E7F82A17A6CC005A8E57 /* NetworkError.swift */ = {isa = PBXFileReference; lastKnownFileType = sourcecode.swift; path = NetworkError.swift; sourceTree = "<group>"; };
		9C21E7FE2A17A760005A8E57 /* CategoriesRequest.swift */ = {isa = PBXFileReference; lastKnownFileType = sourcecode.swift; path = CategoriesRequest.swift; sourceTree = "<group>"; };
		9C6FC5C42A175365000C2BBC /* Chefsplace.app */ = {isa = PBXFileReference; explicitFileType = wrapper.application; includeInIndex = 0; path = Chefsplace.app; sourceTree = BUILT_PRODUCTS_DIR; };
		9C6FC5C72A175365000C2BBC /* ChefsplaceApp.swift */ = {isa = PBXFileReference; lastKnownFileType = sourcecode.swift; path = ChefsplaceApp.swift; sourceTree = "<group>"; };
		9C6FC5C92A175365000C2BBC /* ContentView.swift */ = {isa = PBXFileReference; lastKnownFileType = sourcecode.swift; path = ContentView.swift; sourceTree = "<group>"; };
		9C6FC5CB2A175367000C2BBC /* Assets.xcassets */ = {isa = PBXFileReference; lastKnownFileType = folder.assetcatalog; path = Assets.xcassets; sourceTree = "<group>"; };
		9C6FC5CE2A175367000C2BBC /* Preview Assets.xcassets */ = {isa = PBXFileReference; lastKnownFileType = folder.assetcatalog; path = "Preview Assets.xcassets"; sourceTree = "<group>"; };
		9C6FC5E52A175E81000C2BBC /* Product.swift */ = {isa = PBXFileReference; lastKnownFileType = sourcecode.swift; path = Product.swift; sourceTree = "<group>"; };
		9C6FC5E72A175E95000C2BBC /* Constants.swift */ = {isa = PBXFileReference; lastKnownFileType = sourcecode.swift; path = Constants.swift; sourceTree = "<group>"; };
		9CAE0A372A17AE6200784F0D /* ApiManager.swift */ = {isa = PBXFileReference; lastKnownFileType = sourcecode.swift; path = ApiManager.swift; sourceTree = "<group>"; };
		9CAE0A392A17AE9C00784F0D /* RequestManager.swift */ = {isa = PBXFileReference; lastKnownFileType = sourcecode.swift; path = RequestManager.swift; sourceTree = "<group>"; };
		9CAE0A3D2A17AF1F00784F0D /* AccessTokenManager.swift */ = {isa = PBXFileReference; lastKnownFileType = sourcecode.swift; path = AccessTokenManager.swift; sourceTree = "<group>"; };
		9CAE0A402A17AF8D00784F0D /* APIToken.swift */ = {isa = PBXFileReference; lastKnownFileType = sourcecode.swift; path = APIToken.swift; sourceTree = "<group>"; };
		9CAE0A422A17B03500784F0D /* AppUserDefaultsKeys.swift */ = {isa = PBXFileReference; lastKnownFileType = sourcecode.swift; path = AppUserDefaultsKeys.swift; sourceTree = "<group>"; };
		9CAE0A452A17B09500784F0D /* AuthTokenRequest.swift */ = {isa = PBXFileReference; lastKnownFileType = sourcecode.swift; path = AuthTokenRequest.swift; sourceTree = "<group>"; };
		9CAE0A472A17C5F300784F0D /* Category.swift */ = {isa = PBXFileReference; lastKnownFileType = sourcecode.swift; path = Category.swift; sourceTree = "<group>"; };
		9CF5729F2A19FA2C00E9D8C8 /* ProductsRequest.swift */ = {isa = PBXFileReference; lastKnownFileType = sourcecode.swift; path = ProductsRequest.swift; sourceTree = "<group>"; };
		9CF572A12A19FC3C00E9D8C8 /* Pagination.swift */ = {isa = PBXFileReference; lastKnownFileType = sourcecode.swift; path = Pagination.swift; sourceTree = "<group>"; };
		9CF572EE2A1CE62300E9D8C8 /* User.swift */ = {isa = PBXFileReference; lastKnownFileType = sourcecode.swift; path = User.swift; sourceTree = "<group>"; };
		9CF572F02A1CEC7400E9D8C8 /* Address.swift */ = {isa = PBXFileReference; lastKnownFileType = sourcecode.swift; path = Address.swift; sourceTree = "<group>"; };
		9CF572F22A1CEE3C00E9D8C8 /* Order.swift */ = {isa = PBXFileReference; lastKnownFileType = sourcecode.swift; path = Order.swift; sourceTree = "<group>"; };
/* End PBXFileReference section */

/* Begin PBXFrameworksBuildPhase section */
		9C6FC5C12A175365000C2BBC /* Frameworks */ = {
			isa = PBXFrameworksBuildPhase;
			buildActionMask = 2147483647;
			files = (
			);
			runOnlyForDeploymentPostprocessing = 0;
		};
/* End PBXFrameworksBuildPhase section */

/* Begin PBXGroup section */
		9C21E7EF2A17A4D0005A8E57 /* parser */ = {
			isa = PBXGroup;
			children = (
				9C21E7F02A17A4F7005A8E57 /* DataParser.swift */,
			);
			path = parser;
			sourceTree = "<group>";
		};
		9C21E7F22A17A529005A8E57 /* network */ = {
			isa = PBXGroup;
			children = (
				9C21E7F82A17A6CC005A8E57 /* NetworkError.swift */,
				9CAE0A372A17AE6200784F0D /* ApiManager.swift */,
				9CAE0A392A17AE9C00784F0D /* RequestManager.swift */,
			);
			path = network;
			sourceTree = "<group>";
		};
		9C21E7F32A17A546005A8E57 /* request */ = {
			isa = PBXGroup;
			children = (
				9CAE0A442A17B08400784F0D /* auth */,
				9C21E7FD2A17A72F005A8E57 /* categories */,
				9C21E7FA2A17A708005A8E57 /* product */,
				9C21E7F42A17A56F005A8E57 /* RequestType.swift */,
				9C21E7F62A17A588005A8E57 /* RequestProtocol.swift */,
			);
			path = request;
			sourceTree = "<group>";
		};
		9C21E7FA2A17A708005A8E57 /* product */ = {
			isa = PBXGroup;
			children = (
				9CF5729F2A19FA2C00E9D8C8 /* ProductsRequest.swift */,
			);
			path = product;
			sourceTree = "<group>";
		};
		9C21E7FD2A17A72F005A8E57 /* categories */ = {
			isa = PBXGroup;
			children = (
				9C21E7FE2A17A760005A8E57 /* CategoriesRequest.swift */,
			);
			path = categories;
			sourceTree = "<group>";
		};
		9C6FC5BB2A175365000C2BBC = {
			isa = PBXGroup;
			children = (
				9C6FC5C62A175365000C2BBC /* Chefsplace */,
				9C6FC5C52A175365000C2BBC /* Products */,
			);
			sourceTree = "<group>";
		};
		9C6FC5C52A175365000C2BBC /* Products */ = {
			isa = PBXGroup;
			children = (
				9C6FC5C42A175365000C2BBC /* Chefsplace.app */,
			);
			name = Products;
			sourceTree = "<group>";
		};
		9C6FC5C62A175365000C2BBC /* Chefsplace */ = {
			isa = PBXGroup;
			children = (
				9C6FC5D52A175B24000C2BBC /* Core */,
				9C6FC5D92A175BBA000C2BBC /* Home */,
				9C6FC5DA2A175BD2000C2BBC /* Products */,
				9C6FC5DF2A175C80000C2BBC /* ProductDetail */,
				9C6FC5DB2A175BE5000C2BBC /* Wishlist */,
				9C6FC5DC2A175BF6000C2BBC /* Cart */,
				9C6FC5E02A175D0E000C2BBC /* Checkout */,
				9C6FC5DD2A175C29000C2BBC /* Profile */,
				9C6FC5C72A175365000C2BBC /* ChefsplaceApp.swift */,
				9C6FC5C92A175365000C2BBC /* ContentView.swift */,
				9C6FC5CB2A175367000C2BBC /* Assets.xcassets */,
				9C6FC5CD2A175367000C2BBC /* Preview Content */,
			);
			path = Chefsplace;
			sourceTree = "<group>";
		};
		9C6FC5CD2A175367000C2BBC /* Preview Content */ = {
			isa = PBXGroup;
			children = (
				9C6FC5CE2A175367000C2BBC /* Preview Assets.xcassets */,
			);
			path = "Preview Content";
			sourceTree = "<group>";
		};
		9C6FC5D52A175B24000C2BBC /* Core */ = {
			isa = PBXGroup;
			children = (
				9C6FC5D62A175B35000C2BBC /* data */,
				9C6FC5D72A175B40000C2BBC /* domain */,
				9C6FC5D82A175B5A000C2BBC /* utils */,
				9C6FC5DE2A175C6E000C2BBC /* views */,
			);
			path = Core;
			sourceTree = "<group>";
		};
		9C6FC5D62A175B35000C2BBC /* data */ = {
			isa = PBXGroup;
			children = (
				9CAE0A3B2A17AEED00784F0D /* api */,
			);
			path = data;
			sourceTree = "<group>";
		};
		9C6FC5D72A175B40000C2BBC /* domain */ = {
			isa = PBXGroup;
			children = (
				9C6FC5E12A175D4E000C2BBC /* model */,
			);
			path = domain;
			sourceTree = "<group>";
		};
		9C6FC5D82A175B5A000C2BBC /* utils */ = {
			isa = PBXGroup;
			children = (
				9C6FC5E72A175E95000C2BBC /* Constants.swift */,
				9CAE0A422A17B03500784F0D /* AppUserDefaultsKeys.swift */,
			);
			path = utils;
			sourceTree = "<group>";
		};
		9C6FC5D92A175BBA000C2BBC /* Home */ = {
			isa = PBXGroup;
			children = (
			);
			path = Home;
			sourceTree = "<group>";
		};
		9C6FC5DA2A175BD2000C2BBC /* Products */ = {
			isa = PBXGroup;
			children = (
			);
			path = Products;
			sourceTree = "<group>";
		};
		9C6FC5DB2A175BE5000C2BBC /* Wishlist */ = {
			isa = PBXGroup;
			children = (
			);
			path = Wishlist;
			sourceTree = "<group>";
		};
		9C6FC5DC2A175BF6000C2BBC /* Cart */ = {
			isa = PBXGroup;
			children = (
			);
			path = Cart;
			sourceTree = "<group>";
		};
		9C6FC5DD2A175C29000C2BBC /* Profile */ = {
			isa = PBXGroup;
			children = (
			);
			path = Profile;
			sourceTree = "<group>";
		};
		9C6FC5DE2A175C6E000C2BBC /* views */ = {
			isa = PBXGroup;
			children = (
			);
			path = views;
			sourceTree = "<group>";
		};
		9C6FC5DF2A175C80000C2BBC /* ProductDetail */ = {
			isa = PBXGroup;
			children = (
			);
			path = ProductDetail;
			sourceTree = "<group>";
		};
		9C6FC5E02A175D0E000C2BBC /* Checkout */ = {
			isa = PBXGroup;
			children = (
			);
			path = Checkout;
			sourceTree = "<group>";
		};
		9C6FC5E12A175D4E000C2BBC /* model */ = {
			isa = PBXGroup;
			children = (
				9C6FC5E42A175E02000C2BBC /* user */,
				9C6FC5E22A175D5B000C2BBC /* product */,
				9C6FC5E32A175DDD000C2BBC /* order */,
			);
			path = model;
			sourceTree = "<group>";
		};
		9C6FC5E22A175D5B000C2BBC /* product */ = {
			isa = PBXGroup;
			children = (
				9C6FC5E52A175E81000C2BBC /* Product.swift */,
				9CAE0A472A17C5F300784F0D /* Category.swift */,
				9CF572A12A19FC3C00E9D8C8 /* Pagination.swift */,
			);
			path = product;
			sourceTree = "<group>";
		};
		9C6FC5E32A175DDD000C2BBC /* order */ = {
			isa = PBXGroup;
			children = (
				9CF572F22A1CEE3C00E9D8C8 /* Order.swift */,
			);
			path = order;
			sourceTree = "<group>";
		};
		9C6FC5E42A175E02000C2BBC /* user */ = {
			isa = PBXGroup;
			children = (
				9CF572EE2A1CE62300E9D8C8 /* User.swift */,
				9CF572F02A1CEC7400E9D8C8 /* Address.swift */,
			);
			path = user;
			sourceTree = "<group>";
		};
		9CAE0A3B2A17AEED00784F0D /* api */ = {
			isa = PBXGroup;
			children = (
				9CAE0A3F2A17AF7900784F0D /* model */,
				9CAE0A3C2A17AF0500784F0D /* token */,
				9C21E7F32A17A546005A8E57 /* request */,
				9C21E7F22A17A529005A8E57 /* network */,
				9C21E7EF2A17A4D0005A8E57 /* parser */,
			);
			path = api;
			sourceTree = "<group>";
		};
		9CAE0A3C2A17AF0500784F0D /* token */ = {
			isa = PBXGroup;
			children = (
				9CAE0A3D2A17AF1F00784F0D /* AccessTokenManager.swift */,
			);
			path = token;
			sourceTree = "<group>";
		};
		9CAE0A3F2A17AF7900784F0D /* model */ = {
			isa = PBXGroup;
			children = (
				9CAE0A402A17AF8D00784F0D /* APIToken.swift */,
			);
			path = model;
			sourceTree = "<group>";
		};
		9CAE0A442A17B08400784F0D /* auth */ = {
			isa = PBXGroup;
			children = (
				9CAE0A452A17B09500784F0D /* AuthTokenRequest.swift */,
			);
			path = auth;
			sourceTree = "<group>";
		};
/* End PBXGroup section */

/* Begin PBXNativeTarget section */
		9C6FC5C32A175365000C2BBC /* Chefsplace */ = {
			isa = PBXNativeTarget;
			buildConfigurationList = 9C6FC5D22A175367000C2BBC /* Build configuration list for PBXNativeTarget "Chefsplace" */;
			buildPhases = (
				9C6FC5C02A175365000C2BBC /* Sources */,
				9C6FC5C12A175365000C2BBC /* Frameworks */,
				9C6FC5C22A175365000C2BBC /* Resources */,
				9C21E8002A17A93F005A8E57 /* ShellScript */,
			);
			buildRules = (
			);
			dependencies = (
			);
			name = Chefsplace;
			productName = Chefsplace;
			productReference = 9C6FC5C42A175365000C2BBC /* Chefsplace.app */;
			productType = "com.apple.product-type.application";
		};
/* End PBXNativeTarget section */

/* Begin PBXProject section */
		9C6FC5BC2A175365000C2BBC /* Project object */ = {
			isa = PBXProject;
			attributes = {
				BuildIndependentTargetsInParallel = 1;
				LastSwiftUpdateCheck = 1430;
				LastUpgradeCheck = 1430;
				TargetAttributes = {
					9C6FC5C32A175365000C2BBC = {
						CreatedOnToolsVersion = 14.3;
					};
				};
			};
			buildConfigurationList = 9C6FC5BF2A175365000C2BBC /* Build configuration list for PBXProject "Chefsplace" */;
			compatibilityVersion = "Xcode 14.0";
			developmentRegion = en;
			hasScannedForEncodings = 0;
			knownRegions = (
				en,
				Base,
			);
			mainGroup = 9C6FC5BB2A175365000C2BBC;
			productRefGroup = 9C6FC5C52A175365000C2BBC /* Products */;
			projectDirPath = "";
			projectRoot = "";
			targets = (
				9C6FC5C32A175365000C2BBC /* Chefsplace */,
			);
		};
/* End PBXProject section */

/* Begin PBXResourcesBuildPhase section */
		9C6FC5C22A175365000C2BBC /* Resources */ = {
			isa = PBXResourcesBuildPhase;
			buildActionMask = 2147483647;
			files = (
				9C6FC5CF2A175367000C2BBC /* Preview Assets.xcassets in Resources */,
				9C6FC5CC2A175367000C2BBC /* Assets.xcassets in Resources */,
			);
			runOnlyForDeploymentPostprocessing = 0;
		};
/* End PBXResourcesBuildPhase section */

/* Begin PBXShellScriptBuildPhase section */
		9C21E8002A17A93F005A8E57 /* ShellScript */ = {
			isa = PBXShellScriptBuildPhase;
			alwaysOutOfDate = 1;
			buildActionMask = 2147483647;
			files = (
			);
			inputFileListPaths = (
			);
			inputPaths = (
			);
			outputFileListPaths = (
			);
			outputPaths = (
			);
			runOnlyForDeploymentPostprocessing = 0;
			shellPath = /bin/sh;
			shellScript = "if which swiftlint > /dev/null; then\n  swiftlint\nelse\n  echo \"warning: SwiftLint not installed, download from https://github.com/realm/SwiftLint\"\nfi\n";
			showEnvVarsInLog = 0;
		};
/* End PBXShellScriptBuildPhase section */

/* Begin PBXSourcesBuildPhase section */
		9C6FC5C02A175365000C2BBC /* Sources */ = {
			isa = PBXSourcesBuildPhase;
			buildActionMask = 2147483647;
			files = (
				9C6FC5CA2A175365000C2BBC /* ContentView.swift in Sources */,
				9C21E7FF2A17A760005A8E57 /* CategoriesRequest.swift in Sources */,
				9CAE0A382A17AE6200784F0D /* ApiManager.swift in Sources */,
				9C21E7F92A17A6CC005A8E57 /* NetworkError.swift in Sources */,
				9CAE0A412A17AF8D00784F0D /* APIToken.swift in Sources */,
				9C21E7F12A17A4F7005A8E57 /* DataParser.swift in Sources */,
				9CF572F32A1CEE3C00E9D8C8 /* Order.swift in Sources */,
				9C6FC5C82A175365000C2BBC /* ChefsplaceApp.swift in Sources */,
				9CAE0A482A17C5F300784F0D /* Category.swift in Sources */,
				9C6FC5E62A175E81000C2BBC /* Product.swift in Sources */,
				9CAE0A3A2A17AE9C00784F0D /* RequestManager.swift in Sources */,
				9CF572F12A1CEC7400E9D8C8 /* Address.swift in Sources */,
				9C6FC5E82A175E95000C2BBC /* Constants.swift in Sources */,
				9CAE0A432A17B03500784F0D /* AppUserDefaultsKeys.swift in Sources */,
				9CAE0A3E2A17AF1F00784F0D /* AccessTokenManager.swift in Sources */,
				9C21E7F52A17A56F005A8E57 /* RequestType.swift in Sources */,
				9CAE0A462A17B09500784F0D /* AuthTokenRequest.swift in Sources */,
				9CF572A22A19FC3C00E9D8C8 /* Pagination.swift in Sources */,
				9C21E7F72A17A588005A8E57 /* RequestProtocol.swift in Sources */,
				9CF572A02A19FA2C00E9D8C8 /* ProductsRequest.swift in Sources */,
				9CF572EF2A1CE62300E9D8C8 /* User.swift in Sources */,
			);
			runOnlyForDeploymentPostprocessing = 0;
		};
/* End PBXSourcesBuildPhase section */

/* Begin XCBuildConfiguration section */
		9C6FC5D02A175367000C2BBC /* Debug */ = {
			isa = XCBuildConfiguration;
			buildSettings = {
				ALWAYS_SEARCH_USER_PATHS = NO;
				CLANG_ANALYZER_NONNULL = YES;
				CLANG_ANALYZER_NUMBER_OBJECT_CONVERSION = YES_AGGRESSIVE;
				CLANG_CXX_LANGUAGE_STANDARD = "gnu++20";
				CLANG_ENABLE_MODULES = YES;
				CLANG_ENABLE_OBJC_ARC = YES;
				CLANG_ENABLE_OBJC_WEAK = YES;
				CLANG_WARN_BLOCK_CAPTURE_AUTORELEASING = YES;
				CLANG_WARN_BOOL_CONVERSION = YES;
				CLANG_WARN_COMMA = YES;
				CLANG_WARN_CONSTANT_CONVERSION = YES;
				CLANG_WARN_DEPRECATED_OBJC_IMPLEMENTATIONS = YES;
				CLANG_WARN_DIRECT_OBJC_ISA_USAGE = YES_ERROR;
				CLANG_WARN_DOCUMENTATION_COMMENTS = YES;
				CLANG_WARN_EMPTY_BODY = YES;
				CLANG_WARN_ENUM_CONVERSION = YES;
				CLANG_WARN_INFINITE_RECURSION = YES;
				CLANG_WARN_INT_CONVERSION = YES;
				CLANG_WARN_NON_LITERAL_NULL_CONVERSION = YES;
				CLANG_WARN_OBJC_IMPLICIT_RETAIN_SELF = YES;
				CLANG_WARN_OBJC_LITERAL_CONVERSION = YES;
				CLANG_WARN_OBJC_ROOT_CLASS = YES_ERROR;
				CLANG_WARN_QUOTED_INCLUDE_IN_FRAMEWORK_HEADER = YES;
				CLANG_WARN_RANGE_LOOP_ANALYSIS = YES;
				CLANG_WARN_STRICT_PROTOTYPES = YES;
				CLANG_WARN_SUSPICIOUS_MOVE = YES;
				CLANG_WARN_UNGUARDED_AVAILABILITY = YES_AGGRESSIVE;
				CLANG_WARN_UNREACHABLE_CODE = YES;
				CLANG_WARN__DUPLICATE_METHOD_MATCH = YES;
				COPY_PHASE_STRIP = NO;
				DEBUG_INFORMATION_FORMAT = dwarf;
				ENABLE_STRICT_OBJC_MSGSEND = YES;
				ENABLE_TESTABILITY = YES;
				GCC_C_LANGUAGE_STANDARD = gnu11;
				GCC_DYNAMIC_NO_PIC = NO;
				GCC_NO_COMMON_BLOCKS = YES;
				GCC_OPTIMIZATION_LEVEL = 0;
				GCC_PREPROCESSOR_DEFINITIONS = (
					"DEBUG=1",
					"$(inherited)",
				);
				GCC_WARN_64_TO_32_BIT_CONVERSION = YES;
				GCC_WARN_ABOUT_RETURN_TYPE = YES_ERROR;
				GCC_WARN_UNDECLARED_SELECTOR = YES;
				GCC_WARN_UNINITIALIZED_AUTOS = YES_AGGRESSIVE;
				GCC_WARN_UNUSED_FUNCTION = YES;
				GCC_WARN_UNUSED_VARIABLE = YES;
				IPHONEOS_DEPLOYMENT_TARGET = 16.4;
				MTL_ENABLE_DEBUG_INFO = INCLUDE_SOURCE;
				MTL_FAST_MATH = YES;
				ONLY_ACTIVE_ARCH = YES;
				SDKROOT = iphoneos;
				SWIFT_ACTIVE_COMPILATION_CONDITIONS = DEBUG;
				SWIFT_OPTIMIZATION_LEVEL = "-Onone";
			};
			name = Debug;
		};
		9C6FC5D12A175367000C2BBC /* Release */ = {
			isa = XCBuildConfiguration;
			buildSettings = {
				ALWAYS_SEARCH_USER_PATHS = NO;
				CLANG_ANALYZER_NONNULL = YES;
				CLANG_ANALYZER_NUMBER_OBJECT_CONVERSION = YES_AGGRESSIVE;
				CLANG_CXX_LANGUAGE_STANDARD = "gnu++20";
				CLANG_ENABLE_MODULES = YES;
				CLANG_ENABLE_OBJC_ARC = YES;
				CLANG_ENABLE_OBJC_WEAK = YES;
				CLANG_WARN_BLOCK_CAPTURE_AUTORELEASING = YES;
				CLANG_WARN_BOOL_CONVERSION = YES;
				CLANG_WARN_COMMA = YES;
				CLANG_WARN_CONSTANT_CONVERSION = YES;
				CLANG_WARN_DEPRECATED_OBJC_IMPLEMENTATIONS = YES;
				CLANG_WARN_DIRECT_OBJC_ISA_USAGE = YES_ERROR;
				CLANG_WARN_DOCUMENTATION_COMMENTS = YES;
				CLANG_WARN_EMPTY_BODY = YES;
				CLANG_WARN_ENUM_CONVERSION = YES;
				CLANG_WARN_INFINITE_RECURSION = YES;
				CLANG_WARN_INT_CONVERSION = YES;
				CLANG_WARN_NON_LITERAL_NULL_CONVERSION = YES;
				CLANG_WARN_OBJC_IMPLICIT_RETAIN_SELF = YES;
				CLANG_WARN_OBJC_LITERAL_CONVERSION = YES;
				CLANG_WARN_OBJC_ROOT_CLASS = YES_ERROR;
				CLANG_WARN_QUOTED_INCLUDE_IN_FRAMEWORK_HEADER = YES;
				CLANG_WARN_RANGE_LOOP_ANALYSIS = YES;
				CLANG_WARN_STRICT_PROTOTYPES = YES;
				CLANG_WARN_SUSPICIOUS_MOVE = YES;
				CLANG_WARN_UNGUARDED_AVAILABILITY = YES_AGGRESSIVE;
				CLANG_WARN_UNREACHABLE_CODE = YES;
				CLANG_WARN__DUPLICATE_METHOD_MATCH = YES;
				COPY_PHASE_STRIP = NO;
				DEBUG_INFORMATION_FORMAT = "dwarf-with-dsym";
				ENABLE_NS_ASSERTIONS = NO;
				ENABLE_STRICT_OBJC_MSGSEND = YES;
				GCC_C_LANGUAGE_STANDARD = gnu11;
				GCC_NO_COMMON_BLOCKS = YES;
				GCC_WARN_64_TO_32_BIT_CONVERSION = YES;
				GCC_WARN_ABOUT_RETURN_TYPE = YES_ERROR;
				GCC_WARN_UNDECLARED_SELECTOR = YES;
				GCC_WARN_UNINITIALIZED_AUTOS = YES_AGGRESSIVE;
				GCC_WARN_UNUSED_FUNCTION = YES;
				GCC_WARN_UNUSED_VARIABLE = YES;
				IPHONEOS_DEPLOYMENT_TARGET = 16.4;
				MTL_ENABLE_DEBUG_INFO = NO;
				MTL_FAST_MATH = YES;
				SDKROOT = iphoneos;
				SWIFT_COMPILATION_MODE = wholemodule;
				SWIFT_OPTIMIZATION_LEVEL = "-O";
				VALIDATE_PRODUCT = YES;
			};
			name = Release;
		};
		9C6FC5D32A175367000C2BBC /* Debug */ = {
			isa = XCBuildConfiguration;
			buildSettings = {
				ASSETCATALOG_COMPILER_APPICON_NAME = AppIcon;
				ASSETCATALOG_COMPILER_GLOBAL_ACCENT_COLOR_NAME = AccentColor;
				CODE_SIGN_STYLE = Automatic;
				CURRENT_PROJECT_VERSION = 1;
				DEVELOPMENT_ASSET_PATHS = "\"Chefsplace/Preview Content\"";
				DEVELOPMENT_TEAM = NV786K8W94;
				ENABLE_PREVIEWS = YES;
				GENERATE_INFOPLIST_FILE = YES;
				INFOPLIST_KEY_UIApplicationSceneManifest_Generation = YES;
				INFOPLIST_KEY_UIApplicationSupportsIndirectInputEvents = YES;
				INFOPLIST_KEY_UILaunchScreen_Generation = YES;
				INFOPLIST_KEY_UISupportedInterfaceOrientations_iPad = "UIInterfaceOrientationPortrait UIInterfaceOrientationPortraitUpsideDown UIInterfaceOrientationLandscapeLeft UIInterfaceOrientationLandscapeRight";
				INFOPLIST_KEY_UISupportedInterfaceOrientations_iPhone = "UIInterfaceOrientationPortrait UIInterfaceOrientationLandscapeLeft UIInterfaceOrientationLandscapeRight";
				LD_RUNPATH_SEARCH_PATHS = (
					"$(inherited)",
					"@executable_path/Frameworks",
				);
				MARKETING_VERSION = 1.0;
				PRODUCT_BUNDLE_IDENTIFIER = com.kutelov.Chefsplace;
				PRODUCT_NAME = "$(TARGET_NAME)";
				SWIFT_EMIT_LOC_STRINGS = YES;
				SWIFT_VERSION = 5.0;
				TARGETED_DEVICE_FAMILY = "1,2";
			};
			name = Debug;
		};
		9C6FC5D42A175367000C2BBC /* Release */ = {
			isa = XCBuildConfiguration;
			buildSettings = {
				ASSETCATALOG_COMPILER_APPICON_NAME = AppIcon;
				ASSETCATALOG_COMPILER_GLOBAL_ACCENT_COLOR_NAME = AccentColor;
				CODE_SIGN_STYLE = Automatic;
				CURRENT_PROJECT_VERSION = 1;
				DEVELOPMENT_ASSET_PATHS = "\"Chefsplace/Preview Content\"";
				DEVELOPMENT_TEAM = NV786K8W94;
				ENABLE_PREVIEWS = YES;
				GENERATE_INFOPLIST_FILE = YES;
				INFOPLIST_KEY_UIApplicationSceneManifest_Generation = YES;
				INFOPLIST_KEY_UIApplicationSupportsIndirectInputEvents = YES;
				INFOPLIST_KEY_UILaunchScreen_Generation = YES;
				INFOPLIST_KEY_UISupportedInterfaceOrientations_iPad = "UIInterfaceOrientationPortrait UIInterfaceOrientationPortraitUpsideDown UIInterfaceOrientationLandscapeLeft UIInterfaceOrientationLandscapeRight";
				INFOPLIST_KEY_UISupportedInterfaceOrientations_iPhone = "UIInterfaceOrientationPortrait UIInterfaceOrientationLandscapeLeft UIInterfaceOrientationLandscapeRight";
				LD_RUNPATH_SEARCH_PATHS = (
					"$(inherited)",
					"@executable_path/Frameworks",
				);
				MARKETING_VERSION = 1.0;
				PRODUCT_BUNDLE_IDENTIFIER = com.kutelov.Chefsplace;
				PRODUCT_NAME = "$(TARGET_NAME)";
				SWIFT_EMIT_LOC_STRINGS = YES;
				SWIFT_VERSION = 5.0;
				TARGETED_DEVICE_FAMILY = "1,2";
			};
			name = Release;
		};
/* End XCBuildConfiguration section */

/* Begin XCConfigurationList section */
		9C6FC5BF2A175365000C2BBC /* Build configuration list for PBXProject "Chefsplace" */ = {
			isa = XCConfigurationList;
			buildConfigurations = (
				9C6FC5D02A175367000C2BBC /* Debug */,
				9C6FC5D12A175367000C2BBC /* Release */,
			);
			defaultConfigurationIsVisible = 0;
			defaultConfigurationName = Release;
		};
		9C6FC5D22A175367000C2BBC /* Build configuration list for PBXNativeTarget "Chefsplace" */ = {
			isa = XCConfigurationList;
			buildConfigurations = (
				9C6FC5D32A175367000C2BBC /* Debug */,
				9C6FC5D42A175367000C2BBC /* Release */,
			);
			defaultConfigurationIsVisible = 0;
			defaultConfigurationName = Release;
		};
/* End XCConfigurationList section */
	};
	rootObject = 9C6FC5BC2A175365000C2BBC /* Project object */;
}
