// !$*UTF8*$!
{
	archiveVersion = 1;
	classes = {
	};
	objectVersion = 56;
	objects = {

/* Begin PBXBuildFile section */
		9C6FC5C82A175365000C2BBC /* ChefsplaceApp.swift in Sources */ = {isa = PBXBuildFile; fileRef = 9C6FC5C72A175365000C2BBC /* ChefsplaceApp.swift */; };
		9C6FC5CA2A175365000C2BBC /* ContentView.swift in Sources */ = {isa = PBXBuildFile; fileRef = 9C6FC5C92A175365000C2BBC /* ContentView.swift */; };
		9C6FC5CC2A175367000C2BBC /* Assets.xcassets in Resources */ = {isa = PBXBuildFile; fileRef = 9C6FC5CB2A175367000C2BBC /* Assets.xcassets */; };
		9C6FC5CF2A175367000C2BBC /* Preview Assets.xcassets in Resources */ = {isa = PBXBuildFile; fileRef = 9C6FC5CE2A175367000C2BBC /* Preview Assets.xcassets */; };
/* End PBXBuildFile section */

/* Begin PBXFileReference section */
		9C6FC5C42A175365000C2BBC /* Chefsplace.app */ = {isa = PBXFileReference; explicitFileType = wrapper.application; includeInIndex = 0; path = Chefsplace.app; sourceTree = BUILT_PRODUCTS_DIR; };
		9C6FC5C72A175365000C2BBC /* ChefsplaceApp.swift */ = {isa = PBXFileReference; lastKnownFileType = sourcecode.swift; path = ChefsplaceApp.swift; sourceTree = "<group>"; };
		9C6FC5C92A175365000C2BBC /* ContentView.swift */ = {isa = PBXFileReference; lastKnownFileType = sourcecode.swift; path = ContentView.swift; sourceTree = "<group>"; };
		9C6FC5CB2A175367000C2BBC /* Assets.xcassets */ = {isa = PBXFileReference; lastKnownFileType = folder.assetcatalog; path = Assets.xcassets; sourceTree = "<group>"; };
		9C6FC5CE2A175367000C2BBC /* Preview Assets.xcassets */ = {isa = PBXFileReference; lastKnownFileType = folder.assetcatalog; path = "Preview Assets.xcassets"; sourceTree = "<group>"; };
/* End PBXFileReference section */

/* Begin PBXFrameworksBuildPhase section */
		9C6FC5C12A175365000C2BBC /* Frameworks */ = {
			isa = PBXFrameworksBuildPhase;
			buildActionMask = 2147483647;
			files = (
			);
			runOnlyForDeploymentPostprocessing = 0;
		};
/* End PBXFrameworksBuildPhase section */

/* Begin PBXGroup section */
		9C6FC5BB2A175365000C2BBC = {
			isa = PBXGroup;
			children = (
				9C6FC5C62A175365000C2BBC /* Chefsplace */,
				9C6FC5C52A175365000C2BBC /* Products */,
			);
			sourceTree = "<group>";
		};
		9C6FC5C52A175365000C2BBC /* Products */ = {
			isa = PBXGroup;
			children = (
				9C6FC5C42A175365000C2BBC /* Chefsplace.app */,
			);
			name = Products;
			sourceTree = "<group>";
		};
		9C6FC5C62A175365000C2BBC /* Chefsplace */ = {
			isa = PBXGroup;
			children = (
				9C6FC5D52A175B24000C2BBC /* Core */,
				9C6FC5D92A175BBA000C2BBC /* Home */,
				9C6FC5DA2A175BD2000C2BBC /* Products */,
				9C6FC5DF2A175C80000C2BBC /* ProductDetail */,
				9C6FC5DB2A175BE5000C2BBC /* Wishlist */,
				9C6FC5DC2A175BF6000C2BBC /* Cart */,
				9C6FC5E02A175D0E000C2BBC /* Checkout */,
				9C6FC5DD2A175C29000C2BBC /* Profile */,
				9C6FC5C72A175365000C2BBC /* ChefsplaceApp.swift */,
				9C6FC5C92A175365000C2BBC /* ContentView.swift */,
				9C6FC5CB2A175367000C2BBC /* Assets.xcassets */,
				9C6FC5CD2A175367000C2BBC /* Preview Content */,
			);
			path = Chefsplace;
			sourceTree = "<group>";
		};
		9C6FC5CD2A175367000C2BBC /* Preview Content */ = {
			isa = PBXGroup;
			children = (
				9C6FC5CE2A175367000C2BBC /* Preview Assets.xcassets */,
			);
			path = "Preview Content";
			sourceTree = "<group>";
		};
		9C6FC5D52A175B24000C2BBC /* Core */ = {
			isa = PBXGroup;
			children = (
				9C6FC5D62A175B35000C2BBC /* data */,
				9C6FC5D72A175B40000C2BBC /* domain */,
				9C6FC5D82A175B5A000C2BBC /* utils */,
				9C6FC5DE2A175C6E000C2BBC /* views */,
			);
			path = Core;
			sourceTree = "<group>";
		};
		9C6FC5D62A175B35000C2BBC /* data */ = {
			isa = PBXGroup;
			children = (
			);
			path = data;
			sourceTree = "<group>";
		};
		9C6FC5D72A175B40000C2BBC /* domain */ = {
			isa = PBXGroup;
			children = (
				9C6FC5E12A175D4E000C2BBC /* model */,
			);
			path = domain;
			sourceTree = "<group>";
		};
		9C6FC5D82A175B5A000C2BBC /* utils */ = {
			isa = PBXGroup;
			children = (
			);
			path = utils;
			sourceTree = "<group>";
		};
		9C6FC5D92A175BBA000C2BBC /* Home */ = {
			isa = PBXGroup;
			children = (
			);
			path = Home;
			sourceTree = "<group>";
		};
		9C6FC5DA2A175BD2000C2BBC /* Products */ = {
			isa = PBXGroup;
			children = (
			);
			path = Products;
			sourceTree = "<group>";
		};
		9C6FC5DB2A175BE5000C2BBC /* Wishlist */ = {
			isa = PBXGroup;
			children = (
			);
			path = Wishlist;
			sourceTree = "<group>";
		};
		9C6FC5DC2A175BF6000C2BBC /* Cart */ = {
			isa = PBXGroup;
			children = (
			);
			path = Cart;
			sourceTree = "<group>";
		};
		9C6FC5DD2A175C29000C2BBC /* Profile */ = {
			isa = PBXGroup;
			children = (
			);
			path = Profile;
			sourceTree = "<group>";
		};
		9C6FC5DE2A175C6E000C2BBC /* views */ = {
			isa = PBXGroup;
			children = (
			);
			path = views;
			sourceTree = "<group>";
		};
		9C6FC5DF2A175C80000C2BBC /* ProductDetail */ = {
			isa = PBXGroup;
			children = (
			);
			path = ProductDetail;
			sourceTree = "<group>";
		};
		9C6FC5E02A175D0E000C2BBC /* Checkout */ = {
			isa = PBXGroup;
			children = (
			);
			path = Checkout;
			sourceTree = "<group>";
		};
		9C6FC5E12A175D4E000C2BBC /* model */ = {
			isa = PBXGroup;
			children = (
				9C6FC5E42A175E02000C2BBC /* user */,
				9C6FC5E22A175D5B000C2BBC /* product */,
				9C6FC5E32A175DDD000C2BBC /* order */,
			);
			path = model;
			sourceTree = "<group>";
		};
		9C6FC5E22A175D5B000C2BBC /* product */ = {
			isa = PBXGroup;
			children = (
			);
			path = product;
			sourceTree = "<group>";
		};
		9C6FC5E32A175DDD000C2BBC /* order */ = {
			isa = PBXGroup;
			children = (
			);
			path = order;
			sourceTree = "<group>";
		};
		9C6FC5E42A175E02000C2BBC /* user */ = {
			isa = PBXGroup;
			children = (
			);
			path = user;
			sourceTree = "<group>";
		};
/* End PBXGroup section */

/* Begin PBXNativeTarget section */
		9C6FC5C32A175365000C2BBC /* Chefsplace */ = {
			isa = PBXNativeTarget;
			buildConfigurationList = 9C6FC5D22A175367000C2BBC /* Build configuration list for PBXNativeTarget "Chefsplace" */;
			buildPhases = (
				9C6FC5C02A175365000C2BBC /* Sources */,
				9C6FC5C12A175365000C2BBC /* Frameworks */,
				9C6FC5C22A175365000C2BBC /* Resources */,
			);
			buildRules = (
			);
			dependencies = (
			);
			name = Chefsplace;
			productName = Chefsplace;
			productReference = 9C6FC5C42A175365000C2BBC /* Chefsplace.app */;
			productType = "com.apple.product-type.application";
		};
/* End PBXNativeTarget section */

/* Begin PBXProject section */
		9C6FC5BC2A175365000C2BBC /* Project object */ = {
			isa = PBXProject;
			attributes = {
				BuildIndependentTargetsInParallel = 1;
				LastSwiftUpdateCheck = 1430;
				LastUpgradeCheck = 1430;
				TargetAttributes = {
					9C6FC5C32A175365000C2BBC = {
						CreatedOnToolsVersion = 14.3;
					};
				};
			};
			buildConfigurationList = 9C6FC5BF2A175365000C2BBC /* Build configuration list for PBXProject "Chefsplace" */;
			compatibilityVersion = "Xcode 14.0";
			developmentRegion = en;
			hasScannedForEncodings = 0;
			knownRegions = (
				en,
				Base,
			);
			mainGroup = 9C6FC5BB2A175365000C2BBC;
			productRefGroup = 9C6FC5C52A175365000C2BBC /* Products */;
			projectDirPath = "";
			projectRoot = "";
			targets = (
				9C6FC5C32A175365000C2BBC /* Chefsplace */,
			);
		};
/* End PBXProject section */

/* Begin PBXResourcesBuildPhase section */
		9C6FC5C22A175365000C2BBC /* Resources */ = {
			isa = PBXResourcesBuildPhase;
			buildActionMask = 2147483647;
			files = (
				9C6FC5CF2A175367000C2BBC /* Preview Assets.xcassets in Resources */,
				9C6FC5CC2A175367000C2BBC /* Assets.xcassets in Resources */,
			);
			runOnlyForDeploymentPostprocessing = 0;
		};
/* End PBXResourcesBuildPhase section */

/* Begin PBXSourcesBuildPhase section */
		9C6FC5C02A175365000C2BBC /* Sources */ = {
			isa = PBXSourcesBuildPhase;
			buildActionMask = 2147483647;
			files = (
				9C6FC5CA2A175365000C2BBC /* ContentView.swift in Sources */,
				9C6FC5C82A175365000C2BBC /* ChefsplaceApp.swift in Sources */,
			);
			runOnlyForDeploymentPostprocessing = 0;
		};
/* End PBXSourcesBuildPhase section */

/* Begin XCBuildConfiguration section */
		9C6FC5D02A175367000C2BBC /* Debug */ = {
			isa = XCBuildConfiguration;
			buildSettings = {
				ALWAYS_SEARCH_USER_PATHS = NO;
				CLANG_ANALYZER_NONNULL = YES;
				CLANG_ANALYZER_NUMBER_OBJECT_CONVERSION = YES_AGGRESSIVE;
				CLANG_CXX_LANGUAGE_STANDARD = "gnu++20";
				CLANG_ENABLE_MODULES = YES;
				CLANG_ENABLE_OBJC_ARC = YES;
				CLANG_ENABLE_OBJC_WEAK = YES;
				CLANG_WARN_BLOCK_CAPTURE_AUTORELEASING = YES;
				CLANG_WARN_BOOL_CONVERSION = YES;
				CLANG_WARN_COMMA = YES;
				CLANG_WARN_CONSTANT_CONVERSION = YES;
				CLANG_WARN_DEPRECATED_OBJC_IMPLEMENTATIONS = YES;
				CLANG_WARN_DIRECT_OBJC_ISA_USAGE = YES_ERROR;
				CLANG_WARN_DOCUMENTATION_COMMENTS = YES;
				CLANG_WARN_EMPTY_BODY = YES;
				CLANG_WARN_ENUM_CONVERSION = YES;
				CLANG_WARN_INFINITE_RECURSION = YES;
				CLANG_WARN_INT_CONVERSION = YES;
				CLANG_WARN_NON_LITERAL_NULL_CONVERSION = YES;
				CLANG_WARN_OBJC_IMPLICIT_RETAIN_SELF = YES;
				CLANG_WARN_OBJC_LITERAL_CONVERSION = YES;
				CLANG_WARN_OBJC_ROOT_CLASS = YES_ERROR;
				CLANG_WARN_QUOTED_INCLUDE_IN_FRAMEWORK_HEADER = YES;
				CLANG_WARN_RANGE_LOOP_ANALYSIS = YES;
				CLANG_WARN_STRICT_PROTOTYPES = YES;
				CLANG_WARN_SUSPICIOUS_MOVE = YES;
				CLANG_WARN_UNGUARDED_AVAILABILITY = YES_AGGRESSIVE;
				CLANG_WARN_UNREACHABLE_CODE = YES;
				CLANG_WARN__DUPLICATE_METHOD_MATCH = YES;
				COPY_PHASE_STRIP = NO;
				DEBUG_INFORMATION_FORMAT = dwarf;
				ENABLE_STRICT_OBJC_MSGSEND = YES;
				ENABLE_TESTABILITY = YES;
				GCC_C_LANGUAGE_STANDARD = gnu11;
				GCC_DYNAMIC_NO_PIC = NO;
				GCC_NO_COMMON_BLOCKS = YES;
				GCC_OPTIMIZATION_LEVEL = 0;
				GCC_PREPROCESSOR_DEFINITIONS = (
					"DEBUG=1",
					"$(inherited)",
				);
				GCC_WARN_64_TO_32_BIT_CONVERSION = YES;
				GCC_WARN_ABOUT_RETURN_TYPE = YES_ERROR;
				GCC_WARN_UNDECLARED_SELECTOR = YES;
				GCC_WARN_UNINITIALIZED_AUTOS = YES_AGGRESSIVE;
				GCC_WARN_UNUSED_FUNCTION = YES;
				GCC_WARN_UNUSED_VARIABLE = YES;
				IPHONEOS_DEPLOYMENT_TARGET = 16.4;
				MTL_ENABLE_DEBUG_INFO = INCLUDE_SOURCE;
				MTL_FAST_MATH = YES;
				ONLY_ACTIVE_ARCH = YES;
				SDKROOT = iphoneos;
				SWIFT_ACTIVE_COMPILATION_CONDITIONS = DEBUG;
				SWIFT_OPTIMIZATION_LEVEL = "-Onone";
			};
			name = Debug;
		};
		9C6FC5D12A175367000C2BBC /* Release */ = {
			isa = XCBuildConfiguration;
			buildSettings = {
				ALWAYS_SEARCH_USER_PATHS = NO;
				CLANG_ANALYZER_NONNULL = YES;
				CLANG_ANALYZER_NUMBER_OBJECT_CONVERSION = YES_AGGRESSIVE;
				CLANG_CXX_LANGUAGE_STANDARD = "gnu++20";
				CLANG_ENABLE_MODULES = YES;
				CLANG_ENABLE_OBJC_ARC = YES;
				CLANG_ENABLE_OBJC_WEAK = YES;
				CLANG_WARN_BLOCK_CAPTURE_AUTORELEASING = YES;
				CLANG_WARN_BOOL_CONVERSION = YES;
				CLANG_WARN_COMMA = YES;
				CLANG_WARN_CONSTANT_CONVERSION = YES;
				CLANG_WARN_DEPRECATED_OBJC_IMPLEMENTATIONS = YES;
				CLANG_WARN_DIRECT_OBJC_ISA_USAGE = YES_ERROR;
				CLANG_WARN_DOCUMENTATION_COMMENTS = YES;
				CLANG_WARN_EMPTY_BODY = YES;
				CLANG_WARN_ENUM_CONVERSION = YES;
				CLANG_WARN_INFINITE_RECURSION = YES;
				CLANG_WARN_INT_CONVERSION = YES;
				CLANG_WARN_NON_LITERAL_NULL_CONVERSION = YES;
				CLANG_WARN_OBJC_IMPLICIT_RETAIN_SELF = YES;
				CLANG_WARN_OBJC_LITERAL_CONVERSION = YES;
				CLANG_WARN_OBJC_ROOT_CLASS = YES_ERROR;
				CLANG_WARN_QUOTED_INCLUDE_IN_FRAMEWORK_HEADER = YES;
				CLANG_WARN_RANGE_LOOP_ANALYSIS = YES;
				CLANG_WARN_STRICT_PROTOTYPES = YES;
				CLANG_WARN_SUSPICIOUS_MOVE = YES;
				CLANG_WARN_UNGUARDED_AVAILABILITY = YES_AGGRESSIVE;
				CLANG_WARN_UNREACHABLE_CODE = YES;
				CLANG_WARN__DUPLICATE_METHOD_MATCH = YES;
				COPY_PHASE_STRIP = NO;
				DEBUG_INFORMATION_FORMAT = "dwarf-with-dsym";
				ENABLE_NS_ASSERTIONS = NO;
				ENABLE_STRICT_OBJC_MSGSEND = YES;
				GCC_C_LANGUAGE_STANDARD = gnu11;
				GCC_NO_COMMON_BLOCKS = YES;
				GCC_WARN_64_TO_32_BIT_CONVERSION = YES;
				GCC_WARN_ABOUT_RETURN_TYPE = YES_ERROR;
				GCC_WARN_UNDECLARED_SELECTOR = YES;
				GCC_WARN_UNINITIALIZED_AUTOS = YES_AGGRESSIVE;
				GCC_WARN_UNUSED_FUNCTION = YES;
				GCC_WARN_UNUSED_VARIABLE = YES;
				IPHONEOS_DEPLOYMENT_TARGET = 16.4;
				MTL_ENABLE_DEBUG_INFO = NO;
				MTL_FAST_MATH = YES;
				SDKROOT = iphoneos;
				SWIFT_COMPILATION_MODE = wholemodule;
				SWIFT_OPTIMIZATION_LEVEL = "-O";
				VALIDATE_PRODUCT = YES;
			};
			name = Release;
		};
		9C6FC5D32A175367000C2BBC /* Debug */ = {
			isa = XCBuildConfiguration;
			buildSettings = {
				ASSETCATALOG_COMPILER_APPICON_NAME = AppIcon;
				ASSETCATALOG_COMPILER_GLOBAL_ACCENT_COLOR_NAME = AccentColor;
				CODE_SIGN_STYLE = Automatic;
				CURRENT_PROJECT_VERSION = 1;
				DEVELOPMENT_ASSET_PATHS = "\"Chefsplace/Preview Content\"";
				DEVELOPMENT_TEAM = NV786K8W94;
				ENABLE_PREVIEWS = YES;
				GENERATE_INFOPLIST_FILE = YES;
				INFOPLIST_KEY_UIApplicationSceneManifest_Generation = YES;
				INFOPLIST_KEY_UIApplicationSupportsIndirectInputEvents = YES;
				INFOPLIST_KEY_UILaunchScreen_Generation = YES;
				INFOPLIST_KEY_UISupportedInterfaceOrientations_iPad = "UIInterfaceOrientationPortrait UIInterfaceOrientationPortraitUpsideDown UIInterfaceOrientationLandscapeLeft UIInterfaceOrientationLandscapeRight";
				INFOPLIST_KEY_UISupportedInterfaceOrientations_iPhone = "UIInterfaceOrientationPortrait UIInterfaceOrientationLandscapeLeft UIInterfaceOrientationLandscapeRight";
				LD_RUNPATH_SEARCH_PATHS = (
					"$(inherited)",
					"@executable_path/Frameworks",
				);
				MARKETING_VERSION = 1.0;
				PRODUCT_BUNDLE_IDENTIFIER = com.kutelov.Chefsplace;
				PRODUCT_NAME = "$(TARGET_NAME)";
				SWIFT_EMIT_LOC_STRINGS = YES;
				SWIFT_VERSION = 5.0;
				TARGETED_DEVICE_FAMILY = "1,2";
			};
			name = Debug;
		};
		9C6FC5D42A175367000C2BBC /* Release */ = {
			isa = XCBuildConfiguration;
			buildSettings = {
				ASSETCATALOG_COMPILER_APPICON_NAME = AppIcon;
				ASSETCATALOG_COMPILER_GLOBAL_ACCENT_COLOR_NAME = AccentColor;
				CODE_SIGN_STYLE = Automatic;
				CURRENT_PROJECT_VERSION = 1;
				DEVELOPMENT_ASSET_PATHS = "\"Chefsplace/Preview Content\"";
				DEVELOPMENT_TEAM = NV786K8W94;
				ENABLE_PREVIEWS = YES;
				GENERATE_INFOPLIST_FILE = YES;
				INFOPLIST_KEY_UIApplicationSceneManifest_Generation = YES;
				INFOPLIST_KEY_UIApplicationSupportsIndirectInputEvents = YES;
				INFOPLIST_KEY_UILaunchScreen_Generation = YES;
				INFOPLIST_KEY_UISupportedInterfaceOrientations_iPad = "UIInterfaceOrientationPortrait UIInterfaceOrientationPortraitUpsideDown UIInterfaceOrientationLandscapeLeft UIInterfaceOrientationLandscapeRight";
				INFOPLIST_KEY_UISupportedInterfaceOrientations_iPhone = "UIInterfaceOrientationPortrait UIInterfaceOrientationLandscapeLeft UIInterfaceOrientationLandscapeRight";
				LD_RUNPATH_SEARCH_PATHS = (
					"$(inherited)",
					"@executable_path/Frameworks",
				);
				MARKETING_VERSION = 1.0;
				PRODUCT_BUNDLE_IDENTIFIER = com.kutelov.Chefsplace;
				PRODUCT_NAME = "$(TARGET_NAME)";
				SWIFT_EMIT_LOC_STRINGS = YES;
				SWIFT_VERSION = 5.0;
				TARGETED_DEVICE_FAMILY = "1,2";
			};
			name = Release;
		};
/* End XCBuildConfiguration section */

/* Begin XCConfigurationList section */
		9C6FC5BF2A175365000C2BBC /* Build configuration list for PBXProject "Chefsplace" */ = {
			isa = XCConfigurationList;
			buildConfigurations = (
				9C6FC5D02A175367000C2BBC /* Debug */,
				9C6FC5D12A175367000C2BBC /* Release */,
			);
			defaultConfigurationIsVisible = 0;
			defaultConfigurationName = Release;
		};
		9C6FC5D22A175367000C2BBC /* Build configuration list for PBXNativeTarget "Chefsplace" */ = {
			isa = XCConfigurationList;
			buildConfigurations = (
				9C6FC5D32A175367000C2BBC /* Debug */,
				9C6FC5D42A175367000C2BBC /* Release */,
			);
			defaultConfigurationIsVisible = 0;
			defaultConfigurationName = Release;
		};
/* End XCConfigurationList section */
	};
	rootObject = 9C6FC5BC2A175365000C2BBC /* Project object */;
}
